
Microsoft Visual Studio Solution File, Format Version 12.00
# Visual Studio Version 16
VisualStudioVersion = 16.0.31205.134
MinimumVisualStudioVersion = 10.0.40219.1
Project("{FAE04EC0-301F-11D3-BF4B-00C04F79EFBC}") = "Symmetrisk_Encryption_Example", "Symmetrisk_Encryption_Example\Symmetrisk_Encryption_Example.csproj", "{44760936-E6B3-4716-903B-F9B5352C5C4B}"
EndProject
Global
	GlobalSection(SolutionConfigurationPlatforms) = preSolution
		Debug|Any CPU = Debug|Any CPU
		Release|Any CPU = Release|Any CPU
	EndGlobalSection
	GlobalSection(ProjectConfigurationPlatforms) = postSolution
		{44760936-E6B3-4716-903B-F9B5352C5C4B}.Debug|Any CPU.ActiveCfg = Debug|Any CPU
		{44760936-E6B3-4716-903B-F9B5352C5C4B}.Debug|Any CPU.Build.0 = Debug|Any CPU
		{44760936-E6B3-4716-903B-F9B5352C5C4B}.Release|Any CPU.ActiveCfg = Release|Any CPU
		{44760936-E6B3-4716-903B-F9B5352C5C4B}.Release|Any CPU.Build.0 = Release|Any CPU
	EndGlobalSection
	GlobalSection(SolutionProperties) = preSolution
		HideSolutionNode = FALSE
	EndGlobalSection
	GlobalSection(ExtensibilityGlobals) = postSolution
		SolutionGuid = {009B8046-8223-4881-9154-022827BA99A6}
	EndGlobalSection
EndGlobal
